
Microsoft Visual Studio Solution File, Format Version 12.00
# Visual Studio Version 16
VisualStudioVersion = 16.0.810.1
MinimumVisualStudioVersion = 10.0.40219.1
Project("{FAE04EC0-301F-11D3-BF4B-00C04F79EFBC}") = "MultiStore", "MultiStore\MultiStore.csproj", "{8CBFCD51-6447-442B-88F1-9A8F30F970FC}"
EndProject
Global
	GlobalSection(SolutionConfigurationPlatforms) = preSolution
		Debug|Any CPU = Debug|Any CPU
		Release|Any CPU = Release|Any CPU
	EndGlobalSection
	GlobalSection(ProjectConfigurationPlatforms) = postSolution
		{8CBFCD51-6447-442B-88F1-9A8F30F970FC}.Debug|Any CPU.ActiveCfg = Debug|Any CPU
		{8CBFCD51-6447-442B-88F1-9A8F30F970FC}.Debug|Any CPU.Build.0 = Debug|Any CPU
		{8CBFCD51-6447-442B-88F1-9A8F30F970FC}.Release|Any CPU.ActiveCfg = Release|Any CPU
		{8CBFCD51-6447-442B-88F1-9A8F30F970FC}.Release|Any CPU.Build.0 = Release|Any CPU
	EndGlobalSection
	GlobalSection(SolutionProperties) = preSolution
		HideSolutionNode = FALSE
	EndGlobalSection
	GlobalSection(ExtensibilityGlobals) = postSolution
		SolutionGuid = {059F184E-A39C-42A9-9B86-23452594B949}
	EndGlobalSection
EndGlobal
